// !$*UTF8*$!
{
	archiveVersion = 1;
	classes = {
	};
	objectVersion = 56;
	objects = {

/* Begin PBXBuildFile section */
		200000000000000000000001 /* AppEnvironment.swift in Sources */ = {isa = PBXBuildFile; fileRef = 100000000000000000000001 /* AppEnvironment.swift */; };
		200000000000000000000002 /* AppRoute.swift in Sources */ = {isa = PBXBuildFile; fileRef = 100000000000000000000002 /* AppRoute.swift */; };
		200000000000000000000003 /* MainTabView.swift in Sources */ = {isa = PBXBuildFile; fileRef = 100000000000000000000003 /* MainTabView.swift */; };
		200000000000000000000004 /* RootView.swift in Sources */ = {isa = PBXBuildFile; fileRef = 100000000000000000000004 /* RootView.swift */; };
		200000000000000000000005 /* BenkyokunApp.swift in Sources */ = {isa = PBXBuildFile; fileRef = 100000000000000000000005 /* BenkyokunApp.swift */; };
		200000000000000000000006 /* DestructiveButton.swift in Sources */ = {isa = PBXBuildFile; fileRef = 100000000000000000000006 /* DestructiveButton.swift */; };
		200000000000000000000007 /* PrimaryButton.swift in Sources */ = {isa = PBXBuildFile; fileRef = 100000000000000000000007 /* PrimaryButton.swift */; };
		200000000000000000000008 /* SecondaryButton.swift in Sources */ = {isa = PBXBuildFile; fileRef = 100000000000000000000008 /* SecondaryButton.swift */; };
		200000000000000000000009 /* AppCard.swift in Sources */ = {isa = PBXBuildFile; fileRef = 100000000000000000000009 /* AppCard.swift */; };
		20000000000000000000000A /* QuestionCard.swift in Sources */ = {isa = PBXBuildFile; fileRef = 10000000000000000000000A /* QuestionCard.swift */; };
		20000000000000000000000B /* ResultCard.swift in Sources */ = {isa = PBXBuildFile; fileRef = 10000000000000000000000B /* ResultCard.swift */; };
		20000000000000000000000C /* StatCard.swift in Sources */ = {isa = PBXBuildFile; fileRef = 10000000000000000000000C /* StatCard.swift */; };
		20000000000000000000000D /* CategoryAccuracyChart.swift in Sources */ = {isa = PBXBuildFile; fileRef = 10000000000000000000000D /* CategoryAccuracyChart.swift */; };
		20000000000000000000000E /* DailyAnswerBarChart.swift in Sources */ = {isa = PBXBuildFile; fileRef = 10000000000000000000000E /* DailyAnswerBarChart.swift */; };
		20000000000000000000000F /* GoalProgressChart.swift in Sources */ = {isa = PBXBuildFile; fileRef = 10000000000000000000000F /* GoalProgressChart.swift */; };
		200000000000000000000010 /* EmptyStateView.swift in Sources */ = {isa = PBXBuildFile; fileRef = 100000000000000000000010 /* EmptyStateView.swift */; };
		200000000000000000000011 /* ErrorMessageView.swift in Sources */ = {isa = PBXBuildFile; fileRef = 100000000000000000000011 /* ErrorMessageView.swift */; };
		200000000000000000000012 /* LoadingView.swift in Sources */ = {isa = PBXBuildFile; fileRef = 100000000000000000000012 /* LoadingView.swift */; };
		200000000000000000000013 /* AnswerOptionPicker.swift in Sources */ = {isa = PBXBuildFile; fileRef = 100000000000000000000013 /* AnswerOptionPicker.swift */; };
		200000000000000000000014 /* AppTextEditor.swift in Sources */ = {isa = PBXBuildFile; fileRef = 100000000000000000000014 /* AppTextEditor.swift */; };
		200000000000000000000015 /* AppTextField.swift in Sources */ = {isa = PBXBuildFile; fileRef = 100000000000000000000015 /* AppTextField.swift */; };
		200000000000000000000016 /* CategoryPicker.swift in Sources */ = {isa = PBXBuildFile; fileRef = 100000000000000000000016 /* CategoryPicker.swift */; };
		200000000000000000000017 /* AnswerOptionButton.swift in Sources */ = {isa = PBXBuildFile; fileRef = 100000000000000000000017 /* AnswerOptionButton.swift */; };
		200000000000000000000018 /* CategoryChip.swift in Sources */ = {isa = PBXBuildFile; fileRef = 100000000000000000000018 /* CategoryChip.swift */; };
		200000000000000000000019 /* QuizProgressBar.swift in Sources */ = {isa = PBXBuildFile; fileRef = 100000000000000000000019 /* QuizProgressBar.swift */; };
		20000000000000000000001A /* SettingsRow.swift in Sources */ = {isa = PBXBuildFile; fileRef = 10000000000000000000001A /* SettingsRow.swift */; };
		20000000000000000000001B /* Color+AppColors.swift in Sources */ = {isa = PBXBuildFile; fileRef = 10000000000000000000001B /* Color+AppColors.swift */; };
		20000000000000000000001C /* Date+Extensions.swift in Sources */ = {isa = PBXBuildFile; fileRef = 10000000000000000000001C /* Date+Extensions.swift */; };
		20000000000000000000001D /* Double+Percent.swift in Sources */ = {isa = PBXBuildFile; fileRef = 10000000000000000000001D /* Double+Percent.swift */; };
		20000000000000000000001E /* AnswerHistory.swift in Sources */ = {isa = PBXBuildFile; fileRef = 10000000000000000000001E /* AnswerHistory.swift */; };
		20000000000000000000001F /* AppSetting.swift in Sources */ = {isa = PBXBuildFile; fileRef = 10000000000000000000001F /* AppSetting.swift */; };
		200000000000000000000020 /* AnswerOption.swift in Sources */ = {isa = PBXBuildFile; fileRef = 100000000000000000000020 /* AnswerOption.swift */; };
		200000000000000000000021 /* QuestionCategory.swift in Sources */ = {isa = PBXBuildFile; fileRef = 100000000000000000000021 /* QuestionCategory.swift */; };
		200000000000000000000022 /* QuestionSourceType.swift in Sources */ = {isa = PBXBuildFile; fileRef = 100000000000000000000022 /* QuestionSourceType.swift */; };
		200000000000000000000023 /* QuizMode.swift in Sources */ = {isa = PBXBuildFile; fileRef = 100000000000000000000023 /* QuizMode.swift */; };
		200000000000000000000024 /* Question.swift in Sources */ = {isa = PBXBuildFile; fileRef = 100000000000000000000024 /* Question.swift */; };
		200000000000000000000025 /* ReviewStatus.swift in Sources */ = {isa = PBXBuildFile; fileRef = 100000000000000000000025 /* ReviewStatus.swift */; };
		200000000000000000000026 /* StudyGoal.swift in Sources */ = {isa = PBXBuildFile; fileRef = 100000000000000000000026 /* StudyGoal.swift */; };
		200000000000000000000027 /* AnswerHistoryRepository.swift in Sources */ = {isa = PBXBuildFile; fileRef = 100000000000000000000027 /* AnswerHistoryRepository.swift */; };
		200000000000000000000028 /* QuestionRepository.swift in Sources */ = {isa = PBXBuildFile; fileRef = 100000000000000000000028 /* QuestionRepository.swift */; };
		200000000000000000000029 /* ReviewRepository.swift in Sources */ = {isa = PBXBuildFile; fileRef = 100000000000000000000029 /* ReviewRepository.swift */; };
		20000000000000000000002A /* StudyGoalRepository.swift in Sources */ = {isa = PBXBuildFile; fileRef = 10000000000000000000002A /* StudyGoalRepository.swift */; };
		20000000000000000000002B /* PreviewData.swift in Sources */ = {isa = PBXBuildFile; fileRef = 10000000000000000000002B /* PreviewData.swift */; };
		20000000000000000000002C /* GoalProgressService.swift in Sources */ = {isa = PBXBuildFile; fileRef = 10000000000000000000002C /* GoalProgressService.swift */; };
		20000000000000000000002D /* QuizService.swift in Sources */ = {isa = PBXBuildFile; fileRef = 10000000000000000000002D /* QuizService.swift */; };
		20000000000000000000002E /* ReviewService.swift in Sources */ = {isa = PBXBuildFile; fileRef = 10000000000000000000002E /* ReviewService.swift */; };
		20000000000000000000002F /* SampleDataSeeder.swift in Sources */ = {isa = PBXBuildFile; fileRef = 10000000000000000000002F /* SampleDataSeeder.swift */; };
		200000000000000000000030 /* StudyStatsService.swift in Sources */ = {isa = PBXBuildFile; fileRef = 100000000000000000000030 /* StudyStatsService.swift */; };
		200000000000000000000031 /* AppConstants.swift in Sources */ = {isa = PBXBuildFile; fileRef = 100000000000000000000031 /* AppConstants.swift */; };
		200000000000000000000032 /* DateCalculator.swift in Sources */ = {isa = PBXBuildFile; fileRef = 100000000000000000000032 /* DateCalculator.swift */; };
		200000000000000000000033 /* ValidationError.swift in Sources */ = {isa = PBXBuildFile; fileRef = 100000000000000000000033 /* ValidationError.swift */; };
		200000000000000000000034 /* GoalSettingViewModel.swift in Sources */ = {isa = PBXBuildFile; fileRef = 100000000000000000000034 /* GoalSettingViewModel.swift */; };
		200000000000000000000035 /* HomeViewModel.swift in Sources */ = {isa = PBXBuildFile; fileRef = 100000000000000000000035 /* HomeViewModel.swift */; };
		200000000000000000000036 /* QuestionFormViewModel.swift in Sources */ = {isa = PBXBuildFile; fileRef = 100000000000000000000036 /* QuestionFormViewModel.swift */; };
		200000000000000000000037 /* QuestionListViewModel.swift in Sources */ = {isa = PBXBuildFile; fileRef = 100000000000000000000037 /* QuestionListViewModel.swift */; };
		200000000000000000000038 /* QuizSessionViewModel.swift in Sources */ = {isa = PBXBuildFile; fileRef = 100000000000000000000038 /* QuizSessionViewModel.swift */; };
		200000000000000000000039 /* QuizSettingViewModel.swift in Sources */ = {isa = PBXBuildFile; fileRef = 100000000000000000000039 /* QuizSettingViewModel.swift */; };
		20000000000000000000003A /* ReviewViewModel.swift in Sources */ = {isa = PBXBuildFile; fileRef = 10000000000000000000003A /* ReviewViewModel.swift */; };
		20000000000000000000003B /* SettingsViewModel.swift in Sources */ = {isa = PBXBuildFile; fileRef = 10000000000000000000003B /* SettingsViewModel.swift */; };
		20000000000000000000003C /* StudyRecordViewModel.swift in Sources */ = {isa = PBXBuildFile; fileRef = 10000000000000000000003C /* StudyRecordViewModel.swift */; };
		20000000000000000000003D /* GoalSettingView.swift in Sources */ = {isa = PBXBuildFile; fileRef = 10000000000000000000003D /* GoalSettingView.swift */; };
		20000000000000000000003E /* HomeView.swift in Sources */ = {isa = PBXBuildFile; fileRef = 10000000000000000000003E /* HomeView.swift */; };
		20000000000000000000003F /* QuestionCreateView.swift in Sources */ = {isa = PBXBuildFile; fileRef = 10000000000000000000003F /* QuestionCreateView.swift */; };
		200000000000000000000040 /* QuestionEditView.swift in Sources */ = {isa = PBXBuildFile; fileRef = 100000000000000000000040 /* QuestionEditView.swift */; };
		200000000000000000000041 /* QuestionFormView.swift in Sources */ = {isa = PBXBuildFile; fileRef = 100000000000000000000041 /* QuestionFormView.swift */; };
		200000000000000000000042 /* QuestionListView.swift in Sources */ = {isa = PBXBuildFile; fileRef = 100000000000000000000042 /* QuestionListView.swift */; };
		200000000000000000000043 /* AnswerResultView.swift in Sources */ = {isa = PBXBuildFile; fileRef = 100000000000000000000043 /* AnswerResultView.swift */; };
		200000000000000000000044 /* QuizCompleteView.swift in Sources */ = {isa = PBXBuildFile; fileRef = 100000000000000000000044 /* QuizCompleteView.swift */; };
		200000000000000000000045 /* QuizSettingView.swift in Sources */ = {isa = PBXBuildFile; fileRef = 100000000000000000000045 /* QuizSettingView.swift */; };
		200000000000000000000046 /* QuizView.swift in Sources */ = {isa = PBXBuildFile; fileRef = 100000000000000000000046 /* QuizView.swift */; };
		200000000000000000000047 /* ReviewView.swift in Sources */ = {isa = PBXBuildFile; fileRef = 100000000000000000000047 /* ReviewView.swift */; };
		200000000000000000000048 /* SettingsView.swift in Sources */ = {isa = PBXBuildFile; fileRef = 100000000000000000000048 /* SettingsView.swift */; };
		200000000000000000000049 /* StudyRecordView.swift in Sources */ = {isa = PBXBuildFile; fileRef = 100000000000000000000049 /* StudyRecordView.swift */; };
		400000000000000000000001 /* Assets.xcassets in Resources */ = {isa = PBXBuildFile; fileRef = 300000000000000000000001 /* Assets.xcassets */; };
		400000000000000000000002 /* SampleQuestions.json in Resources */ = {isa = PBXBuildFile; fileRef = 300000000000000000000002 /* SampleQuestions.json */; };
/* End PBXBuildFile section */

/* Begin PBXFileReference section */
		000000000000000000000006 /* Benkyokun.app */ = {isa = PBXFileReference; explicitFileType = wrapper.application; includeInIndex = 0; path = Benkyokun.app; sourceTree = BUILT_PRODUCTS_DIR; };
		100000000000000000000001 /* AppEnvironment.swift */ = {isa = PBXFileReference; lastKnownFileType = sourcecode.swift; path = Benkyokun/App/AppEnvironment.swift; sourceTree = "<group>"; };
		100000000000000000000002 /* AppRoute.swift */ = {isa = PBXFileReference; lastKnownFileType = sourcecode.swift; path = Benkyokun/App/AppRoute.swift; sourceTree = "<group>"; };
		100000000000000000000003 /* MainTabView.swift */ = {isa = PBXFileReference; lastKnownFileType = sourcecode.swift; path = Benkyokun/App/MainTabView.swift; sourceTree = "<group>"; };
		100000000000000000000004 /* RootView.swift */ = {isa = PBXFileReference; lastKnownFileType = sourcecode.swift; path = Benkyokun/App/RootView.swift; sourceTree = "<group>"; };
		100000000000000000000005 /* BenkyokunApp.swift */ = {isa = PBXFileReference; lastKnownFileType = sourcecode.swift; path = Benkyokun/BenkyokunApp.swift; sourceTree = "<group>"; };
		100000000000000000000006 /* DestructiveButton.swift */ = {isa = PBXFileReference; lastKnownFileType = sourcecode.swift; path = Benkyokun/Components/Buttons/DestructiveButton.swift; sourceTree = "<group>"; };
		100000000000000000000007 /* PrimaryButton.swift */ = {isa = PBXFileReference; lastKnownFileType = sourcecode.swift; path = Benkyokun/Components/Buttons/PrimaryButton.swift; sourceTree = "<group>"; };
		100000000000000000000008 /* SecondaryButton.swift */ = {isa = PBXFileReference; lastKnownFileType = sourcecode.swift; path = Benkyokun/Components/Buttons/SecondaryButton.swift; sourceTree = "<group>"; };
		100000000000000000000009 /* AppCard.swift */ = {isa = PBXFileReference; lastKnownFileType = sourcecode.swift; path = Benkyokun/Components/Cards/AppCard.swift; sourceTree = "<group>"; };
		10000000000000000000000A /* QuestionCard.swift */ = {isa = PBXFileReference; lastKnownFileType = sourcecode.swift; path = Benkyokun/Components/Cards/QuestionCard.swift; sourceTree = "<group>"; };
		10000000000000000000000B /* ResultCard.swift */ = {isa = PBXFileReference; lastKnownFileType = sourcecode.swift; path = Benkyokun/Components/Cards/ResultCard.swift; sourceTree = "<group>"; };
		10000000000000000000000C /* StatCard.swift */ = {isa = PBXFileReference; lastKnownFileType = sourcecode.swift; path = Benkyokun/Components/Cards/StatCard.swift; sourceTree = "<group>"; };
		10000000000000000000000D /* CategoryAccuracyChart.swift */ = {isa = PBXFileReference; lastKnownFileType = sourcecode.swift; path = Benkyokun/Components/Charts/CategoryAccuracyChart.swift; sourceTree = "<group>"; };
		10000000000000000000000E /* DailyAnswerBarChart.swift */ = {isa = PBXFileReference; lastKnownFileType = sourcecode.swift; path = Benkyokun/Components/Charts/DailyAnswerBarChart.swift; sourceTree = "<group>"; };
		10000000000000000000000F /* GoalProgressChart.swift */ = {isa = PBXFileReference; lastKnownFileType = sourcecode.swift; path = Benkyokun/Components/Charts/GoalProgressChart.swift; sourceTree = "<group>"; };
		100000000000000000000010 /* EmptyStateView.swift */ = {isa = PBXFileReference; lastKnownFileType = sourcecode.swift; path = Benkyokun/Components/Feedback/EmptyStateView.swift; sourceTree = "<group>"; };
		100000000000000000000011 /* ErrorMessageView.swift */ = {isa = PBXFileReference; lastKnownFileType = sourcecode.swift; path = Benkyokun/Components/Feedback/ErrorMessageView.swift; sourceTree = "<group>"; };
		100000000000000000000012 /* LoadingView.swift */ = {isa = PBXFileReference; lastKnownFileType = sourcecode.swift; path = Benkyokun/Components/Feedback/LoadingView.swift; sourceTree = "<group>"; };
		100000000000000000000013 /* AnswerOptionPicker.swift */ = {isa = PBXFileReference; lastKnownFileType = sourcecode.swift; path = Benkyokun/Components/Form/AnswerOptionPicker.swift; sourceTree = "<group>"; };
		100000000000000000000014 /* AppTextEditor.swift */ = {isa = PBXFileReference; lastKnownFileType = sourcecode.swift; path = Benkyokun/Components/Form/AppTextEditor.swift; sourceTree = "<group>"; };
		100000000000000000000015 /* AppTextField.swift */ = {isa = PBXFileReference; lastKnownFileType = sourcecode.swift; path = Benkyokun/Components/Form/AppTextField.swift; sourceTree = "<group>"; };
		100000000000000000000016 /* CategoryPicker.swift */ = {isa = PBXFileReference; lastKnownFileType = sourcecode.swift; path = Benkyokun/Components/Form/CategoryPicker.swift; sourceTree = "<group>"; };
		100000000000000000000017 /* AnswerOptionButton.swift */ = {isa = PBXFileReference; lastKnownFileType = sourcecode.swift; path = Benkyokun/Components/Quiz/AnswerOptionButton.swift; sourceTree = "<group>"; };
		100000000000000000000018 /* CategoryChip.swift */ = {isa = PBXFileReference; lastKnownFileType = sourcecode.swift; path = Benkyokun/Components/Quiz/CategoryChip.swift; sourceTree = "<group>"; };
		100000000000000000000019 /* QuizProgressBar.swift */ = {isa = PBXFileReference; lastKnownFileType = sourcecode.swift; path = Benkyokun/Components/Quiz/QuizProgressBar.swift; sourceTree = "<group>"; };
		10000000000000000000001A /* SettingsRow.swift */ = {isa = PBXFileReference; lastKnownFileType = sourcecode.swift; path = Benkyokun/Components/Settings/SettingsRow.swift; sourceTree = "<group>"; };
		10000000000000000000001B /* Color+AppColors.swift */ = {isa = PBXFileReference; lastKnownFileType = sourcecode.swift; path = "Benkyokun/Extensions/Color+AppColors.swift"; sourceTree = "<group>"; };
		10000000000000000000001C /* Date+Extensions.swift */ = {isa = PBXFileReference; lastKnownFileType = sourcecode.swift; path = "Benkyokun/Extensions/Date+Extensions.swift"; sourceTree = "<group>"; };
		10000000000000000000001D /* Double+Percent.swift */ = {isa = PBXFileReference; lastKnownFileType = sourcecode.swift; path = "Benkyokun/Extensions/Double+Percent.swift"; sourceTree = "<group>"; };
		10000000000000000000001E /* AnswerHistory.swift */ = {isa = PBXFileReference; lastKnownFileType = sourcecode.swift; path = Benkyokun/Models/AnswerHistory.swift; sourceTree = "<group>"; };
		10000000000000000000001F /* AppSetting.swift */ = {isa = PBXFileReference; lastKnownFileType = sourcecode.swift; path = Benkyokun/Models/AppSetting.swift; sourceTree = "<group>"; };
		100000000000000000000020 /* AnswerOption.swift */ = {isa = PBXFileReference; lastKnownFileType = sourcecode.swift; path = Benkyokun/Models/Enums/AnswerOption.swift; sourceTree = "<group>"; };
		100000000000000000000021 /* QuestionCategory.swift */ = {isa = PBXFileReference; lastKnownFileType = sourcecode.swift; path = Benkyokun/Models/Enums/QuestionCategory.swift; sourceTree = "<group>"; };
		100000000000000000000022 /* QuestionSourceType.swift */ = {isa = PBXFileReference; lastKnownFileType = sourcecode.swift; path = Benkyokun/Models/Enums/QuestionSourceType.swift; sourceTree = "<group>"; };
		100000000000000000000023 /* QuizMode.swift */ = {isa = PBXFileReference; lastKnownFileType = sourcecode.swift; path = Benkyokun/Models/Enums/QuizMode.swift; sourceTree = "<group>"; };
		100000000000000000000024 /* Question.swift */ = {isa = PBXFileReference; lastKnownFileType = sourcecode.swift; path = Benkyokun/Models/Question.swift; sourceTree = "<group>"; };
		100000000000000000000025 /* ReviewStatus.swift */ = {isa = PBXFileReference; lastKnownFileType = sourcecode.swift; path = Benkyokun/Models/ReviewStatus.swift; sourceTree = "<group>"; };
		100000000000000000000026 /* StudyGoal.swift */ = {isa = PBXFileReference; lastKnownFileType = sourcecode.swift; path = Benkyokun/Models/StudyGoal.swift; sourceTree = "<group>"; };
		100000000000000000000027 /* AnswerHistoryRepository.swift */ = {isa = PBXFileReference; lastKnownFileType = sourcecode.swift; path = Benkyokun/Repositories/AnswerHistoryRepository.swift; sourceTree = "<group>"; };
		100000000000000000000028 /* QuestionRepository.swift */ = {isa = PBXFileReference; lastKnownFileType = sourcecode.swift; path = Benkyokun/Repositories/QuestionRepository.swift; sourceTree = "<group>"; };
		100000000000000000000029 /* ReviewRepository.swift */ = {isa = PBXFileReference; lastKnownFileType = sourcecode.swift; path = Benkyokun/Repositories/ReviewRepository.swift; sourceTree = "<group>"; };
		10000000000000000000002A /* StudyGoalRepository.swift */ = {isa = PBXFileReference; lastKnownFileType = sourcecode.swift; path = Benkyokun/Repositories/StudyGoalRepository.swift; sourceTree = "<group>"; };
		10000000000000000000002B /* PreviewData.swift */ = {isa = PBXFileReference; lastKnownFileType = sourcecode.swift; path = Benkyokun/Resources/PreviewData.swift; sourceTree = "<group>"; };
		10000000000000000000002C /* GoalProgressService.swift */ = {isa = PBXFileReference; lastKnownFileType = sourcecode.swift; path = Benkyokun/Services/GoalProgressService.swift; sourceTree = "<group>"; };
		10000000000000000000002D /* QuizService.swift */ = {isa = PBXFileReference; lastKnownFileType = sourcecode.swift; path = Benkyokun/Services/QuizService.swift; sourceTree = "<group>"; };
		10000000000000000000002E /* ReviewService.swift */ = {isa = PBXFileReference; lastKnownFileType = sourcecode.swift; path = Benkyokun/Services/ReviewService.swift; sourceTree = "<group>"; };
		10000000000000000000002F /* SampleDataSeeder.swift */ = {isa = PBXFileReference; lastKnownFileType = sourcecode.swift; path = Benkyokun/Services/SampleDataSeeder.swift; sourceTree = "<group>"; };
		100000000000000000000030 /* StudyStatsService.swift */ = {isa = PBXFileReference; lastKnownFileType = sourcecode.swift; path = Benkyokun/Services/StudyStatsService.swift; sourceTree = "<group>"; };
		100000000000000000000031 /* AppConstants.swift */ = {isa = PBXFileReference; lastKnownFileType = sourcecode.swift; path = Benkyokun/Utilities/AppConstants.swift; sourceTree = "<group>"; };
		100000000000000000000032 /* DateCalculator.swift */ = {isa = PBXFileReference; lastKnownFileType = sourcecode.swift; path = Benkyokun/Utilities/DateCalculator.swift; sourceTree = "<group>"; };
		100000000000000000000033 /* ValidationError.swift */ = {isa = PBXFileReference; lastKnownFileType = sourcecode.swift; path = Benkyokun/Utilities/ValidationError.swift; sourceTree = "<group>"; };
		100000000000000000000034 /* GoalSettingViewModel.swift */ = {isa = PBXFileReference; lastKnownFileType = sourcecode.swift; path = Benkyokun/ViewModels/GoalSettingViewModel.swift; sourceTree = "<group>"; };
		100000000000000000000035 /* HomeViewModel.swift */ = {isa = PBXFileReference; lastKnownFileType = sourcecode.swift; path = Benkyokun/ViewModels/HomeViewModel.swift; sourceTree = "<group>"; };
		100000000000000000000036 /* QuestionFormViewModel.swift */ = {isa = PBXFileReference; lastKnownFileType = sourcecode.swift; path = Benkyokun/ViewModels/QuestionFormViewModel.swift; sourceTree = "<group>"; };
		100000000000000000000037 /* QuestionListViewModel.swift */ = {isa = PBXFileReference; lastKnownFileType = sourcecode.swift; path = Benkyokun/ViewModels/QuestionListViewModel.swift; sourceTree = "<group>"; };
		100000000000000000000038 /* QuizSessionViewModel.swift */ = {isa = PBXFileReference; lastKnownFileType = sourcecode.swift; path = Benkyokun/ViewModels/QuizSessionViewModel.swift; sourceTree = "<group>"; };
		100000000000000000000039 /* QuizSettingViewModel.swift */ = {isa = PBXFileReference; lastKnownFileType = sourcecode.swift; path = Benkyokun/ViewModels/QuizSettingViewModel.swift; sourceTree = "<group>"; };
		10000000000000000000003A /* ReviewViewModel.swift */ = {isa = PBXFileReference; lastKnownFileType = sourcecode.swift; path = Benkyokun/ViewModels/ReviewViewModel.swift; sourceTree = "<group>"; };
		10000000000000000000003B /* SettingsViewModel.swift */ = {isa = PBXFileReference; lastKnownFileType = sourcecode.swift; path = Benkyokun/ViewModels/SettingsViewModel.swift; sourceTree = "<group>"; };
		10000000000000000000003C /* StudyRecordViewModel.swift */ = {isa = PBXFileReference; lastKnownFileType = sourcecode.swift; path = Benkyokun/ViewModels/StudyRecordViewModel.swift; sourceTree = "<group>"; };
		10000000000000000000003D /* GoalSettingView.swift */ = {isa = PBXFileReference; lastKnownFileType = sourcecode.swift; path = Benkyokun/Views/Goal/GoalSettingView.swift; sourceTree = "<group>"; };
		10000000000000000000003E /* HomeView.swift */ = {isa = PBXFileReference; lastKnownFileType = sourcecode.swift; path = Benkyokun/Views/Home/HomeView.swift; sourceTree = "<group>"; };
		10000000000000000000003F /* QuestionCreateView.swift */ = {isa = PBXFileReference; lastKnownFileType = sourcecode.swift; path = Benkyokun/Views/QuestionManagement/QuestionCreateView.swift; sourceTree = "<group>"; };
		100000000000000000000040 /* QuestionEditView.swift */ = {isa = PBXFileReference; lastKnownFileType = sourcecode.swift; path = Benkyokun/Views/QuestionManagement/QuestionEditView.swift; sourceTree = "<group>"; };
		100000000000000000000041 /* QuestionFormView.swift */ = {isa = PBXFileReference; lastKnownFileType = sourcecode.swift; path = Benkyokun/Views/QuestionManagement/QuestionFormView.swift; sourceTree = "<group>"; };
		100000000000000000000042 /* QuestionListView.swift */ = {isa = PBXFileReference; lastKnownFileType = sourcecode.swift; path = Benkyokun/Views/QuestionManagement/QuestionListView.swift; sourceTree = "<group>"; };
		100000000000000000000043 /* AnswerResultView.swift */ = {isa = PBXFileReference; lastKnownFileType = sourcecode.swift; path = Benkyokun/Views/Quiz/AnswerResultView.swift; sourceTree = "<group>"; };
		100000000000000000000044 /* QuizCompleteView.swift */ = {isa = PBXFileReference; lastKnownFileType = sourcecode.swift; path = Benkyokun/Views/Quiz/QuizCompleteView.swift; sourceTree = "<group>"; };
		100000000000000000000045 /* QuizSettingView.swift */ = {isa = PBXFileReference; lastKnownFileType = sourcecode.swift; path = Benkyokun/Views/Quiz/QuizSettingView.swift; sourceTree = "<group>"; };
		100000000000000000000046 /* QuizView.swift */ = {isa = PBXFileReference; lastKnownFileType = sourcecode.swift; path = Benkyokun/Views/Quiz/QuizView.swift; sourceTree = "<group>"; };
		100000000000000000000047 /* ReviewView.swift */ = {isa = PBXFileReference; lastKnownFileType = sourcecode.swift; path = Benkyokun/Views/Review/ReviewView.swift; sourceTree = "<group>"; };
		100000000000000000000048 /* SettingsView.swift */ = {isa = PBXFileReference; lastKnownFileType = sourcecode.swift; path = Benkyokun/Views/Settings/SettingsView.swift; sourceTree = "<group>"; };
		100000000000000000000049 /* StudyRecordView.swift */ = {isa = PBXFileReference; lastKnownFileType = sourcecode.swift; path = Benkyokun/Views/StudyRecord/StudyRecordView.swift; sourceTree = "<group>"; };
		300000000000000000000001 /* Assets.xcassets */ = {isa = PBXFileReference; lastKnownFileType = folder.assetcatalog; path = Benkyokun/Resources/Assets.xcassets; sourceTree = "<group>"; };
		300000000000000000000002 /* SampleQuestions.json */ = {isa = PBXFileReference; lastKnownFileType = text.json; path = Benkyokun/Resources/SampleQuestions.json; sourceTree = "<group>"; };
/* End PBXFileReference section */

/* Begin PBXFrameworksBuildPhase section */
		000000000000000000000009 /* Frameworks */ = {
			isa = PBXFrameworksBuildPhase;
			buildActionMask = 2147483647;
			files = (
			);
			runOnlyForDeploymentPostprocessing = 0;
		};
/* End PBXFrameworksBuildPhase section */

/* Begin PBXGroup section */
		000000000000000000000003 /* Products */ = {
			isa = PBXGroup;
			children = (
				000000000000000000000006 /* Benkyokun.app */,
			);
			name = Products;
			sourceTree = "<group>";
		};
		000000000000000000000004 = {
			isa = PBXGroup;
			children = (
				000000000000000000000005 /* Benkyokun */,
				000000000000000000000003 /* Products */,
			);
			sourceTree = "<group>";
		};
		000000000000000000000005 /* Benkyokun */ = {
			isa = PBXGroup;
			children = (
				100000000000000000000001 /* AppEnvironment.swift */,
				100000000000000000000002 /* AppRoute.swift */,
				100000000000000000000003 /* MainTabView.swift */,
				100000000000000000000004 /* RootView.swift */,
				100000000000000000000005 /* BenkyokunApp.swift */,
				100000000000000000000006 /* DestructiveButton.swift */,
				100000000000000000000007 /* PrimaryButton.swift */,
				100000000000000000000008 /* SecondaryButton.swift */,
				100000000000000000000009 /* AppCard.swift */,
				10000000000000000000000A /* QuestionCard.swift */,
				10000000000000000000000B /* ResultCard.swift */,
				10000000000000000000000C /* StatCard.swift */,
				10000000000000000000000D /* CategoryAccuracyChart.swift */,
				10000000000000000000000E /* DailyAnswerBarChart.swift */,
				10000000000000000000000F /* GoalProgressChart.swift */,
				100000000000000000000010 /* EmptyStateView.swift */,
				100000000000000000000011 /* ErrorMessageView.swift */,
				100000000000000000000012 /* LoadingView.swift */,
				100000000000000000000013 /* AnswerOptionPicker.swift */,
				100000000000000000000014 /* AppTextEditor.swift */,
				100000000000000000000015 /* AppTextField.swift */,
				100000000000000000000016 /* CategoryPicker.swift */,
				100000000000000000000017 /* AnswerOptionButton.swift */,
				100000000000000000000018 /* CategoryChip.swift */,
				100000000000000000000019 /* QuizProgressBar.swift */,
				10000000000000000000001A /* SettingsRow.swift */,
				10000000000000000000001B /* Color+AppColors.swift */,
				10000000000000000000001C /* Date+Extensions.swift */,
				10000000000000000000001D /* Double+Percent.swift */,
				10000000000000000000001E /* AnswerHistory.swift */,
				10000000000000000000001F /* AppSetting.swift */,
				100000000000000000000020 /* AnswerOption.swift */,
				100000000000000000000021 /* QuestionCategory.swift */,
				100000000000000000000022 /* QuestionSourceType.swift */,
				100000000000000000000023 /* QuizMode.swift */,
				100000000000000000000024 /* Question.swift */,
				100000000000000000000025 /* ReviewStatus.swift */,
				100000000000000000000026 /* StudyGoal.swift */,
				100000000000000000000027 /* AnswerHistoryRepository.swift */,
				100000000000000000000028 /* QuestionRepository.swift */,
				100000000000000000000029 /* ReviewRepository.swift */,
				10000000000000000000002A /* StudyGoalRepository.swift */,
				10000000000000000000002B /* PreviewData.swift */,
				10000000000000000000002C /* GoalProgressService.swift */,
				10000000000000000000002D /* QuizService.swift */,
				10000000000000000000002E /* ReviewService.swift */,
				10000000000000000000002F /* SampleDataSeeder.swift */,
				100000000000000000000030 /* StudyStatsService.swift */,
				100000000000000000000031 /* AppConstants.swift */,
				100000000000000000000032 /* DateCalculator.swift */,
				100000000000000000000033 /* ValidationError.swift */,
				100000000000000000000034 /* GoalSettingViewModel.swift */,
				100000000000000000000035 /* HomeViewModel.swift */,
				100000000000000000000036 /* QuestionFormViewModel.swift */,
				100000000000000000000037 /* QuestionListViewModel.swift */,
				100000000000000000000038 /* QuizSessionViewModel.swift */,
				100000000000000000000039 /* QuizSettingViewModel.swift */,
				10000000000000000000003A /* ReviewViewModel.swift */,
				10000000000000000000003B /* SettingsViewModel.swift */,
				10000000000000000000003C /* StudyRecordViewModel.swift */,
				10000000000000000000003D /* GoalSettingView.swift */,
				10000000000000000000003E /* HomeView.swift */,
				10000000000000000000003F /* QuestionCreateView.swift */,
				100000000000000000000040 /* QuestionEditView.swift */,
				100000000000000000000041 /* QuestionFormView.swift */,
				100000000000000000000042 /* QuestionListView.swift */,
				100000000000000000000043 /* AnswerResultView.swift */,
				100000000000000000000044 /* QuizCompleteView.swift */,
				100000000000000000000045 /* QuizSettingView.swift */,
				100000000000000000000046 /* QuizView.swift */,
				100000000000000000000047 /* ReviewView.swift */,
				100000000000000000000048 /* SettingsView.swift */,
				100000000000000000000049 /* StudyRecordView.swift */,
				300000000000000000000001 /* Assets.xcassets */,
				300000000000000000000002 /* SampleQuestions.json */,
			);
			name = Benkyokun;
			sourceTree = "<group>";
		};
/* End PBXGroup section */

/* Begin PBXNativeTarget section */
		000000000000000000000002 /* Benkyokun */ = {
			isa = PBXNativeTarget;
			buildConfigurationList = 00000000000000000000000B /* Build configuration list for PBXNativeTarget "Benkyokun" */;
			buildPhases = (
				000000000000000000000007 /* Sources */,
				000000000000000000000009 /* Frameworks */,
				000000000000000000000008 /* Resources */,
			);
			buildRules = (
			);
			dependencies = (
			);
			name = Benkyokun;
			productName = Benkyokun;
			productReference = 000000000000000000000006 /* Benkyokun.app */;
			productType = "com.apple.product-type.application";
		};
/* End PBXNativeTarget section */

/* Begin PBXProject section */
		000000000000000000000001 /* Project object */ = {
			isa = PBXProject;
			attributes = {
				BuildIndependentTargetsInParallel = 1;
				LastSwiftUpdateCheck = 1500;
				LastUpgradeCheck = 1500;
				TargetAttributes = {
					000000000000000000000002 = {
						CreatedOnToolsVersion = 15.0;
					};
				};
			};
			buildConfigurationList = 00000000000000000000000A /* Build configuration list for PBXProject "Benkyokun" */;
			compatibilityVersion = "Xcode 14.0";
			developmentRegion = ja;
			hasScannedForEncodings = 0;
			knownRegions = (
				ja,
				en,
				Base,
			);
			mainGroup = 000000000000000000000004;
			productRefGroup = 000000000000000000000003 /* Products */;
			projectDirPath = "";
			projectRoot = "";
			targets = (
				000000000000000000000002 /* Benkyokun */,
			);
		};
/* End PBXProject section */

/* Begin PBXResourcesBuildPhase section */
		000000000000000000000008 /* Resources */ = {
			isa = PBXResourcesBuildPhase;
			buildActionMask = 2147483647;
			files = (
				400000000000000000000001 /* Assets.xcassets in Resources */,
				400000000000000000000002 /* SampleQuestions.json in Resources */,
			);
			runOnlyForDeploymentPostprocessing = 0;
		};
/* End PBXResourcesBuildPhase section */

/* Begin PBXSourcesBuildPhase section */
		000000000000000000000007 /* Sources */ = {
			isa = PBXSourcesBuildPhase;
			buildActionMask = 2147483647;
			files = (
				200000000000000000000001 /* AppEnvironment.swift in Sources */,
				200000000000000000000002 /* AppRoute.swift in Sources */,
				200000000000000000000003 /* MainTabView.swift in Sources */,
				200000000000000000000004 /* RootView.swift in Sources */,
				200000000000000000000005 /* BenkyokunApp.swift in Sources */,
				200000000000000000000006 /* DestructiveButton.swift in Sources */,
				200000000000000000000007 /* PrimaryButton.swift in Sources */,
				200000000000000000000008 /* SecondaryButton.swift in Sources */,
				200000000000000000000009 /* AppCard.swift in Sources */,
				20000000000000000000000A /* QuestionCard.swift in Sources */,
				20000000000000000000000B /* ResultCard.swift in Sources */,
				20000000000000000000000C /* StatCard.swift in Sources */,
				20000000000000000000000D /* CategoryAccuracyChart.swift in Sources */,
				20000000000000000000000E /* DailyAnswerBarChart.swift in Sources */,
				20000000000000000000000F /* GoalProgressChart.swift in Sources */,
				200000000000000000000010 /* EmptyStateView.swift in Sources */,
				200000000000000000000011 /* ErrorMessageView.swift in Sources */,
				200000000000000000000012 /* LoadingView.swift in Sources */,
				200000000000000000000013 /* AnswerOptionPicker.swift in Sources */,
				200000000000000000000014 /* AppTextEditor.swift in Sources */,
				200000000000000000000015 /* AppTextField.swift in Sources */,
				200000000000000000000016 /* CategoryPicker.swift in Sources */,
				200000000000000000000017 /* AnswerOptionButton.swift in Sources */,
				200000000000000000000018 /* CategoryChip.swift in Sources */,
				200000000000000000000019 /* QuizProgressBar.swift in Sources */,
				20000000000000000000001A /* SettingsRow.swift in Sources */,
				20000000000000000000001B /* Color+AppColors.swift in Sources */,
				20000000000000000000001C /* Date+Extensions.swift in Sources */,
				20000000000000000000001D /* Double+Percent.swift in Sources */,
				20000000000000000000001E /* AnswerHistory.swift in Sources */,
				20000000000000000000001F /* AppSetting.swift in Sources */,
				200000000000000000000020 /* AnswerOption.swift in Sources */,
				200000000000000000000021 /* QuestionCategory.swift in Sources */,
				200000000000000000000022 /* QuestionSourceType.swift in Sources */,
				200000000000000000000023 /* QuizMode.swift in Sources */,
				200000000000000000000024 /* Question.swift in Sources */,
				200000000000000000000025 /* ReviewStatus.swift in Sources */,
				200000000000000000000026 /* StudyGoal.swift in Sources */,
				200000000000000000000027 /* AnswerHistoryRepository.swift in Sources */,
				200000000000000000000028 /* QuestionRepository.swift in Sources */,
				200000000000000000000029 /* ReviewRepository.swift in Sources */,
				20000000000000000000002A /* StudyGoalRepository.swift in Sources */,
				20000000000000000000002B /* PreviewData.swift in Sources */,
				20000000000000000000002C /* GoalProgressService.swift in Sources */,
				20000000000000000000002D /* QuizService.swift in Sources */,
				20000000000000000000002E /* ReviewService.swift in Sources */,
				20000000000000000000002F /* SampleDataSeeder.swift in Sources */,
				200000000000000000000030 /* StudyStatsService.swift in Sources */,
				200000000000000000000031 /* AppConstants.swift in Sources */,
				200000000000000000000032 /* DateCalculator.swift in Sources */,
				200000000000000000000033 /* ValidationError.swift in Sources */,
				200000000000000000000034 /* GoalSettingViewModel.swift in Sources */,
				200000000000000000000035 /* HomeViewModel.swift in Sources */,
				200000000000000000000036 /* QuestionFormViewModel.swift in Sources */,
				200000000000000000000037 /* QuestionListViewModel.swift in Sources */,
				200000000000000000000038 /* QuizSessionViewModel.swift in Sources */,
				200000000000000000000039 /* QuizSettingViewModel.swift in Sources */,
				20000000000000000000003A /* ReviewViewModel.swift in Sources */,
				20000000000000000000003B /* SettingsViewModel.swift in Sources */,
				20000000000000000000003C /* StudyRecordViewModel.swift in Sources */,
				20000000000000000000003D /* GoalSettingView.swift in Sources */,
				20000000000000000000003E /* HomeView.swift in Sources */,
				20000000000000000000003F /* QuestionCreateView.swift in Sources */,
				200000000000000000000040 /* QuestionEditView.swift in Sources */,
				200000000000000000000041 /* QuestionFormView.swift in Sources */,
				200000000000000000000042 /* QuestionListView.swift in Sources */,
				200000000000000000000043 /* AnswerResultView.swift in Sources */,
				200000000000000000000044 /* QuizCompleteView.swift in Sources */,
				200000000000000000000045 /* QuizSettingView.swift in Sources */,
				200000000000000000000046 /* QuizView.swift in Sources */,
				200000000000000000000047 /* ReviewView.swift in Sources */,
				200000000000000000000048 /* SettingsView.swift in Sources */,
				200000000000000000000049 /* StudyRecordView.swift in Sources */,
			);
			runOnlyForDeploymentPostprocessing = 0;
		};
/* End PBXSourcesBuildPhase section */

/* Begin XCBuildConfiguration section */
		00000000000000000000000C /* Debug */ = {
			isa = XCBuildConfiguration;
			buildSettings = {
				ALWAYS_SEARCH_USER_PATHS = NO;
				CLANG_ANALYZER_NONNULL = YES;
				CLANG_ANALYZER_NUMBER_OBJECT_CONVERSION = YES_AGGRESSIVE;
				CLANG_CXX_LANGUAGE_STANDARD = "gnu++20";
				CLANG_ENABLE_MODULES = YES;
				CLANG_ENABLE_OBJC_ARC = YES;
				CLANG_ENABLE_OBJC_WEAK = YES;
				CLANG_WARN_BLOCK_CAPTURE_AUTORELEASING = YES;
				CLANG_WARN_BOOL_CONVERSION = YES;
				CLANG_WARN_COMMA = YES;
				CLANG_WARN_CONSTANT_CONVERSION = YES;
				CLANG_WARN_DEPRECATED_OBJC_IMPLEMENTATIONS = YES;
				CLANG_WARN_DIRECT_OBJC_ISA_USAGE = YES_ERROR;
				CLANG_WARN_DOCUMENTATION_COMMENTS = YES;
				CLANG_WARN_EMPTY_BODY = YES;
				CLANG_WARN_ENUM_CONVERSION = YES;
				CLANG_WARN_INFINITE_RECURSION = YES;
				CLANG_WARN_INT_CONVERSION = YES;
				CLANG_WARN_NON_LITERAL_NULL_CONVERSION = YES;
				CLANG_WARN_OBJC_IMPLICIT_RETAIN_SELF = YES;
				CLANG_WARN_OBJC_LITERAL_CONVERSION = YES;
				CLANG_WARN_OBJC_ROOT_CLASS = YES_ERROR;
				CLANG_WARN_QUOTED_INCLUDE_IN_FRAMEWORK_HEADER = YES;
				CLANG_WARN_RANGE_LOOP_ANALYSIS = YES;
				CLANG_WARN_STRICT_PROTOTYPES = YES;
				CLANG_WARN_SUSPICIOUS_MOVE = YES;
				CLANG_WARN_UNGUARDED_AVAILABILITY = YES_AGGRESSIVE;
				CLANG_WARN_UNREACHABLE_CODE = YES;
				CLANG_WARN__DUPLICATE_METHOD_MATCH = YES;
				COPY_PHASE_STRIP = NO;
				DEBUG_INFORMATION_FORMAT = dwarf;
				ENABLE_STRICT_OBJC_MSGSEND = YES;
				ENABLE_TESTABILITY = YES;
				GCC_C_LANGUAGE_STANDARD = gnu17;
				GCC_DYNAMIC_NO_PIC = NO;
				GCC_NO_COMMON_BLOCKS = YES;
				GCC_OPTIMIZATION_LEVEL = 0;
				GCC_PREPROCESSOR_DEFINITIONS = (
					"DEBUG=1",
					"$(inherited)",
				);
				GCC_WARN_64_TO_32_BIT_CONVERSION = YES;
				GCC_WARN_ABOUT_RETURN_TYPE = YES_ERROR;
				GCC_WARN_UNDECLARED_SELECTOR = YES;
				GCC_WARN_UNINITIALIZED_AUTOS = YES_AGGRESSIVE;
				GCC_WARN_UNUSED_FUNCTION = YES;
				GCC_WARN_UNUSED_VARIABLE = YES;
				IPHONEOS_DEPLOYMENT_TARGET = 17.0;
				MTL_ENABLE_DEBUG_INFO = INCLUDE_SOURCE;
				MTL_FAST_MATH = YES;
				ONLY_ACTIVE_ARCH = YES;
				SDKROOT = iphoneos;
				SWIFT_ACTIVE_COMPILATION_CONDITIONS = DEBUG;
				SWIFT_OPTIMIZATION_LEVEL = "-Onone";
			};
			name = Debug;
		};
		00000000000000000000000D /* Release */ = {
			isa = XCBuildConfiguration;
			buildSettings = {
				ALWAYS_SEARCH_USER_PATHS = NO;
				CLANG_ANALYZER_NONNULL = YES;
				CLANG_ANALYZER_NUMBER_OBJECT_CONVERSION = YES_AGGRESSIVE;
				CLANG_CXX_LANGUAGE_STANDARD = "gnu++20";
				CLANG_ENABLE_MODULES = YES;
				CLANG_ENABLE_OBJC_ARC = YES;
				CLANG_ENABLE_OBJC_WEAK = YES;
				CLANG_WARN_BLOCK_CAPTURE_AUTORELEASING = YES;
				CLANG_WARN_BOOL_CONVERSION = YES;
				CLANG_WARN_COMMA = YES;
				CLANG_WARN_CONSTANT_CONVERSION = YES;
				CLANG_WARN_DEPRECATED_OBJC_IMPLEMENTATIONS = YES;
				CLANG_WARN_DIRECT_OBJC_ISA_USAGE = YES_ERROR;
				CLANG_WARN_DOCUMENTATION_COMMENTS = YES;
				CLANG_WARN_EMPTY_BODY = YES;
				CLANG_WARN_ENUM_CONVERSION = YES;
				CLANG_WARN_INFINITE_RECURSION = YES;
				CLANG_WARN_INT_CONVERSION = YES;
				CLANG_WARN_NON_LITERAL_NULL_CONVERSION = YES;
				CLANG_WARN_OBJC_IMPLICIT_RETAIN_SELF = YES;
				CLANG_WARN_OBJC_LITERAL_CONVERSION = YES;
				CLANG_WARN_OBJC_ROOT_CLASS = YES_ERROR;
				CLANG_WARN_QUOTED_INCLUDE_IN_FRAMEWORK_HEADER = YES;
				CLANG_WARN_RANGE_LOOP_ANALYSIS = YES;
				CLANG_WARN_STRICT_PROTOTYPES = YES;
				CLANG_WARN_SUSPICIOUS_MOVE = YES;
				CLANG_WARN_UNGUARDED_AVAILABILITY = YES_AGGRESSIVE;
				CLANG_WARN_UNREACHABLE_CODE = YES;
				CLANG_WARN__DUPLICATE_METHOD_MATCH = YES;
				COPY_PHASE_STRIP = NO;
				DEBUG_INFORMATION_FORMAT = "dwarf-with-dsym";
				ENABLE_NS_ASSERTIONS = NO;
				ENABLE_STRICT_OBJC_MSGSEND = YES;
				GCC_C_LANGUAGE_STANDARD = gnu17;
				GCC_NO_COMMON_BLOCKS = YES;
				GCC_WARN_64_TO_32_BIT_CONVERSION = YES;
				GCC_WARN_ABOUT_RETURN_TYPE = YES_ERROR;
				GCC_WARN_UNDECLARED_SELECTOR = YES;
				GCC_WARN_UNINITIALIZED_AUTOS = YES_AGGRESSIVE;
				GCC_WARN_UNUSED_FUNCTION = YES;
				GCC_WARN_UNUSED_VARIABLE = YES;
				IPHONEOS_DEPLOYMENT_TARGET = 17.0;
				MTL_ENABLE_DEBUG_INFO = NO;
				MTL_FAST_MATH = YES;
				SDKROOT = iphoneos;
				SWIFT_COMPILATION_MODE = wholemodule;
				VALIDATE_PRODUCT = YES;
			};
			name = Release;
		};
		00000000000000000000000E /* Debug */ = {
			isa = XCBuildConfiguration;
			buildSettings = {
				CODE_SIGN_STYLE = Automatic;
				CURRENT_PROJECT_VERSION = 1;
				DEVELOPMENT_ASSET_PATHS = "";
				ENABLE_PREVIEWS = YES;
				GENERATE_INFOPLIST_FILE = YES;
				INFOPLIST_KEY_CFBundleDisplayName = "勉強くん";
				INFOPLIST_KEY_UIApplicationSceneManifest_Generation = YES;
				INFOPLIST_KEY_UIApplicationSupportsIndirectInputEvents = YES;
				INFOPLIST_KEY_UILaunchScreen_Generation = YES;
				INFOPLIST_KEY_UISupportedInterfaceOrientations_iPhone = UIInterfaceOrientationPortrait;
				LD_RUNPATH_SEARCH_PATHS = (
					"$(inherited)",
					"@executable_path/Frameworks",
				);
				MARKETING_VERSION = 1.0;
				PRODUCT_BUNDLE_IDENTIFIER = com.example.Benkyokun;
				PRODUCT_NAME = "$(TARGET_NAME)";
				SUPPORTED_PLATFORMS = "iphoneos iphonesimulator";
				SUPPORTS_MACCATALYST = NO;
				SUPPORTS_MAC_DESIGNED_FOR_IPHONE_IPAD = NO;
				SWIFT_VERSION = 5.0;
				TARGETED_DEVICE_FAMILY = 1;
			};
			name = Debug;
		};
		00000000000000000000000F /* Release */ = {
			isa = XCBuildConfiguration;
			buildSettings = {
				CODE_SIGN_STYLE = Automatic;
				CURRENT_PROJECT_VERSION = 1;
				DEVELOPMENT_ASSET_PATHS = "";
				ENABLE_PREVIEWS = YES;
				GENERATE_INFOPLIST_FILE = YES;
				INFOPLIST_KEY_CFBundleDisplayName = "勉強くん";
				INFOPLIST_KEY_UIApplicationSceneManifest_Generation = YES;
				INFOPLIST_KEY_UIApplicationSupportsIndirectInputEvents = YES;
				INFOPLIST_KEY_UILaunchScreen_Generation = YES;
				INFOPLIST_KEY_UISupportedInterfaceOrientations_iPhone = UIInterfaceOrientationPortrait;
				LD_RUNPATH_SEARCH_PATHS = (
					"$(inherited)",
					"@executable_path/Frameworks",
				);
				MARKETING_VERSION = 1.0;
				PRODUCT_BUNDLE_IDENTIFIER = com.example.Benkyokun;
				PRODUCT_NAME = "$(TARGET_NAME)";
				SUPPORTED_PLATFORMS = "iphoneos iphonesimulator";
				SUPPORTS_MACCATALYST = NO;
				SUPPORTS_MAC_DESIGNED_FOR_IPHONE_IPAD = NO;
				SWIFT_VERSION = 5.0;
				TARGETED_DEVICE_FAMILY = 1;
			};
			name = Release;
		};
/* End XCBuildConfiguration section */

/* Begin XCConfigurationList section */
		00000000000000000000000A /* Build configuration list for PBXProject "Benkyokun" */ = {
			isa = XCConfigurationList;
			buildConfigurations = (
				00000000000000000000000C /* Debug */,
				00000000000000000000000D /* Release */,
			);
			defaultConfigurationIsVisible = 0;
			defaultConfigurationName = Release;
		};
		00000000000000000000000B /* Build configuration list for PBXNativeTarget "Benkyokun" */ = {
			isa = XCConfigurationList;
			buildConfigurations = (
				00000000000000000000000E /* Debug */,
				00000000000000000000000F /* Release */,
			);
			defaultConfigurationIsVisible = 0;
			defaultConfigurationName = Release;
		};
/* End XCConfigurationList section */
	};
	rootObject = 000000000000000000000001 /* Project object */;
}
